// !$*UTF8*$!
{
	archiveVersion = 1;
	classes = {
	};
	objectVersion = 46;
	objects = {

/* Begin PBXBuildFile section */
		4E1AB7741DC6AFBC00E84E1F /* main.m in Sources */ = {isa = PBXBuildFile; fileRef = 4E1AB7731DC6AFBC00E84E1F /* main.m */; };
		4E1AB7771DC6AFBC00E84E1F /* AppDelegate.m in Sources */ = {isa = PBXBuildFile; fileRef = 4E1AB7761DC6AFBC00E84E1F /* AppDelegate.m */; };
		4E1AB77D1DC6AFBC00E84E1F /* Main.storyboard in Resources */ = {isa = PBXBuildFile; fileRef = 4E1AB77B1DC6AFBC00E84E1F /* Main.storyboard */; };
		4E1AB77F1DC6AFBC00E84E1F /* Assets.xcassets in Resources */ = {isa = PBXBuildFile; fileRef = 4E1AB77E1DC6AFBC00E84E1F /* Assets.xcassets */; };
		4E1AB7821DC6AFBC00E84E1F /* LaunchScreen.storyboard in Resources */ = {isa = PBXBuildFile; fileRef = 4E1AB7801DC6AFBC00E84E1F /* LaunchScreen.storyboard */; };
		4E1AB78C1DC6AFDE00E84E1F /* MainViewController.m in Sources */ = {isa = PBXBuildFile; fileRef = 4E1AB78B1DC6AFDE00E84E1F /* MainViewController.m */; };
/* End PBXBuildFile section */

/* Begin PBXFileReference section */
		4E1AB76F1DC6AFBC00E84E1F /* SpeechRecognitionObjCSample.app */ = {isa = PBXFileReference; explicitFileType = wrapper.application; includeInIndex = 0; path = SpeechRecognitionObjCSample.app; sourceTree = BUILT_PRODUCTS_DIR; };
		4E1AB7731DC6AFBC00E84E1F /* main.m */ = {isa = PBXFileReference; lastKnownFileType = sourcecode.c.objc; path = main.m; sourceTree = "<group>"; };
		4E1AB7751DC6AFBC00E84E1F /* AppDelegate.h */ = {isa = PBXFileReference; lastKnownFileType = sourcecode.c.h; path = AppDelegate.h; sourceTree = "<group>"; };
		4E1AB7761DC6AFBC00E84E1F /* AppDelegate.m */ = {isa = PBXFileReference; lastKnownFileType = sourcecode.c.objc; path = AppDelegate.m; sourceTree = "<group>"; };
		4E1AB77C1DC6AFBC00E84E1F /* Base */ = {isa = PBXFileReference; lastKnownFileType = file.storyboard; name = Base; path = Base.lproj/Main.storyboard; sourceTree = "<group>"; };
		4E1AB77E1DC6AFBC00E84E1F /* Assets.xcassets */ = {isa = PBXFileReference; lastKnownFileType = folder.assetcatalog; path = Assets.xcassets; sourceTree = "<group>"; };
		4E1AB7811DC6AFBC00E84E1F /* Base */ = {isa = PBXFileReference; lastKnownFileType = file.storyboard; name = Base; path = Base.lproj/LaunchScreen.storyboard; sourceTree = "<group>"; };
		4E1AB7831DC6AFBC00E84E1F /* Info.plist */ = {isa = PBXFileReference; lastKnownFileType = text.plist.xml; path = Info.plist; sourceTree = "<group>"; };
		4E1AB78A1DC6AFDE00E84E1F /* MainViewController.h */ = {isa = PBXFileReference; fileEncoding = 4; lastKnownFileType = sourcecode.c.h; path = MainViewController.h; sourceTree = "<group>"; };
		4E1AB78B1DC6AFDE00E84E1F /* MainViewController.m */ = {isa = PBXFileReference; fileEncoding = 4; lastKnownFileType = sourcecode.c.objc; path = MainViewController.m; sourceTree = "<group>"; };
/* End PBXFileReference section */

/* Begin PBXFrameworksBuildPhase section */
		4E1AB76C1DC6AFBC00E84E1F /* Frameworks */ = {
			isa = PBXFrameworksBuildPhase;
			buildActionMask = 2147483647;
			files = (
			);
			runOnlyForDeploymentPostprocessing = 0;
		};
/* End PBXFrameworksBuildPhase section */

/* Begin PBXGroup section */
		4E1AB7661DC6AFBC00E84E1F = {
			isa = PBXGroup;
			children = (
				4E1AB7711DC6AFBC00E84E1F /* SpeechRecognitionObjCSample */,
				4E1AB7701DC6AFBC00E84E1F /* Products */,
			);
			sourceTree = "<group>";
		};
		4E1AB7701DC6AFBC00E84E1F /* Products */ = {
			isa = PBXGroup;
			children = (
				4E1AB76F1DC6AFBC00E84E1F /* SpeechRecognitionObjCSample.app */,
			);
			name = Products;
			sourceTree = "<group>";
		};
		4E1AB7711DC6AFBC00E84E1F /* SpeechRecognitionObjCSample */ = {
			isa = PBXGroup;
			children = (
				4E1AB7751DC6AFBC00E84E1F /* AppDelegate.h */,
				4E1AB7761DC6AFBC00E84E1F /* AppDelegate.m */,
				4E1AB7891DC6AFCC00E84E1F /* View Controllers */,
				4E1AB77B1DC6AFBC00E84E1F /* Main.storyboard */,
				4E1AB77E1DC6AFBC00E84E1F /* Assets.xcassets */,
				4E1AB7801DC6AFBC00E84E1F /* LaunchScreen.storyboard */,
				4E1AB7831DC6AFBC00E84E1F /* Info.plist */,
				4E1AB7721DC6AFBC00E84E1F /* Supporting Files */,
			);
			path = SpeechRecognitionObjCSample;
			sourceTree = "<group>";
		};
		4E1AB7721DC6AFBC00E84E1F /* Supporting Files */ = {
			isa = PBXGroup;
			children = (
				4E1AB7731DC6AFBC00E84E1F /* main.m */,
			);
			name = "Supporting Files";
			sourceTree = "<group>";
		};
		4E1AB7891DC6AFCC00E84E1F /* View Controllers */ = {
			isa = PBXGroup;
			children = (
				4E1AB78A1DC6AFDE00E84E1F /* MainViewController.h */,
				4E1AB78B1DC6AFDE00E84E1F /* MainViewController.m */,
			);
			name = "View Controllers";
			sourceTree = "<group>";
		};
/* End PBXGroup section */

/* Begin PBXNativeTarget section */
		4E1AB76E1DC6AFBC00E84E1F /* SpeechRecognitionObjCSample */ = {
			isa = PBXNativeTarget;
			buildConfigurationList = 4E1AB7861DC6AFBC00E84E1F /* Build configuration list for PBXNativeTarget "SpeechRecognitionObjCSample" */;
			buildPhases = (
				4E1AB76B1DC6AFBC00E84E1F /* Sources */,
				4E1AB76C1DC6AFBC00E84E1F /* Frameworks */,
				4E1AB76D1DC6AFBC00E84E1F /* Resources */,
			);
			buildRules = (
			);
			dependencies = (
			);
			name = SpeechRecognitionObjCSample;
			productName = SpeechRecognitionObjCSample;
			productReference = 4E1AB76F1DC6AFBC00E84E1F /* SpeechRecognitionObjCSample.app */;
			productType = "com.apple.product-type.application";
		};
/* End PBXNativeTarget section */

/* Begin PBXProject section */
		4E1AB7671DC6AFBC00E84E1F /* Project object */ = {
			isa = PBXProject;
			attributes = {
				LastUpgradeCheck = 0810;
				ORGANIZATIONNAME = nikolay.andonov;
				TargetAttributes = {
					4E1AB76E1DC6AFBC00E84E1F = {
						CreatedOnToolsVersion = 8.1;
						DevelopmentTeam = PJFWMGAM94;
						ProvisioningStyle = Automatic;
					};
				};
			};
			buildConfigurationList = 4E1AB76A1DC6AFBC00E84E1F /* Build configuration list for PBXProject "SpeechRecognitionObjCSample" */;
			compatibilityVersion = "Xcode 3.2";
			developmentRegion = English;
			hasScannedForEncodings = 0;
			knownRegions = (
				en,
				Base,
			);
			mainGroup = 4E1AB7661DC6AFBC00E84E1F;
			productRefGroup = 4E1AB7701DC6AFBC00E84E1F /* Products */;
			projectDirPath = "";
			projectRoot = "";
			targets = (
				4E1AB76E1DC6AFBC00E84E1F /* SpeechRecognitionObjCSample */,
			);
		};
/* End PBXProject section */

/* Begin PBXResourcesBuildPhase section */
		4E1AB76D1DC6AFBC00E84E1F /* Resources */ = {
			isa = PBXResourcesBuildPhase;
			buildActionMask = 2147483647;
			files = (
				4E1AB7821DC6AFBC00E84E1F /* LaunchScreen.storyboard in Resources */,
				4E1AB77F1DC6AFBC00E84E1F /* Assets.xcassets in Resources */,
				4E1AB77D1DC6AFBC00E84E1F /* Main.storyboard in Resources */,
			);
			runOnlyForDeploymentPostprocessing = 0;
		};
/* End PBXResourcesBuildPhase section */

/* Begin PBXSourcesBuildPhase section */
		4E1AB76B1DC6AFBC00E84E1F /* Sources */ = {
			isa = PBXSourcesBuildPhase;
			buildActionMask = 2147483647;
			files = (
				4E1AB7771DC6AFBC00E84E1F /* AppDelegate.m in Sources */,
				4E1AB78C1DC6AFDE00E84E1F /* MainViewController.m in Sources */,
				4E1AB7741DC6AFBC00E84E1F /* main.m in Sources */,
			);
			runOnlyForDeploymentPostprocessing = 0;
		};
/* End PBXSourcesBuildPhase section */

/* Begin PBXVariantGroup section */
		4E1AB77B1DC6AFBC00E84E1F /* Main.storyboard */ = {
			isa = PBXVariantGroup;
			children = (
				4E1AB77C1DC6AFBC00E84E1F /* Base */,
			);
			name = Main.storyboard;
			sourceTree = "<group>";
		};
		4E1AB7801DC6AFBC00E84E1F /* LaunchScreen.storyboard */ = {
			isa = PBXVariantGroup;
			children = (
				4E1AB7811DC6AFBC00E84E1F /* Base */,
			);
			name = LaunchScreen.storyboard;
			sourceTree = "<group>";
		};
/* End PBXVariantGroup section */

/* Begin XCBuildConfiguration section */
		4E1AB7841DC6AFBC00E84E1F /* Debug */ = {
			isa = XCBuildConfiguration;
			buildSettings = {
				ALWAYS_SEARCH_USER_PATHS = NO;
				CLANG_ANALYZER_NONNULL = YES;
				CLANG_CXX_LANGUAGE_STANDARD = "gnu++0x";
				CLANG_CXX_LIBRARY = "libc++";
				CLANG_ENABLE_MODULES = YES;
				CLANG_ENABLE_OBJC_ARC = YES;
				CLANG_WARN_BOOL_CONVERSION = YES;
				CLANG_WARN_CONSTANT_CONVERSION = YES;
				CLANG_WARN_DIRECT_OBJC_ISA_USAGE = YES_ERROR;
				CLANG_WARN_DOCUMENTATION_COMMENTS = YES;
				CLANG_WARN_EMPTY_BODY = YES;
				CLANG_WARN_ENUM_CONVERSION = YES;
				CLANG_WARN_INFINITE_RECURSION = YES;
				CLANG_WARN_INT_CONVERSION = YES;
				CLANG_WARN_OBJC_ROOT_CLASS = YES_ERROR;
				CLANG_WARN_SUSPICIOUS_MOVES = YES;
				CLANG_WARN_UNREACHABLE_CODE = YES;
				CLANG_WARN__DUPLICATE_METHOD_MATCH = YES;
				"CODE_SIGN_IDENTITY[sdk=iphoneos*]" = "iPhone Developer";
				COPY_PHASE_STRIP = NO;
				DEBUG_INFORMATION_FORMAT = dwarf;
				ENABLE_STRICT_OBJC_MSGSEND = YES;
				ENABLE_TESTABILITY = YES;
				GCC_C_LANGUAGE_STANDARD = gnu99;
				GCC_DYNAMIC_NO_PIC = NO;
				GCC_NO_COMMON_BLOCKS = YES;
				GCC_OPTIMIZATION_LEVEL = 0;
				GCC_PREPROCESSOR_DEFINITIONS = (
					"DEBUG=1",
					"$(inherited)",
				);
				GCC_WARN_64_TO_32_BIT_CONVERSION = YES;
				GCC_WARN_ABOUT_RETURN_TYPE = YES_ERROR;
				GCC_WARN_UNDECLARED_SELECTOR = YES;
				GCC_WARN_UNINITIALIZED_AUTOS = YES_AGGRESSIVE;
				GCC_WARN_UNUSED_FUNCTION = YES;
				GCC_WARN_UNUSED_VARIABLE = YES;
				IPHONEOS_DEPLOYMENT_TARGET = 10.1;
				MTL_ENABLE_DEBUG_INFO = YES;
				ONLY_ACTIVE_ARCH = YES;
				SDKROOT = iphoneos;
				TARGETED_DEVICE_FAMILY = "1,2";
			};
			name = Debug;
		};
		4E1AB7851DC6AFBC00E84E1F /* Release */ = {
			isa = XCBuildConfiguration;
			buildSettings = {
				ALWAYS_SEARCH_USER_PATHS = NO;
				CLANG_ANALYZER_NONNULL = YES;
				CLANG_CXX_LANGUAGE_STANDARD = "gnu++0x";
				CLANG_CXX_LIBRARY = "libc++";
				CLANG_ENABLE_MODULES = YES;
				CLANG_ENABLE_OBJC_ARC = YES;
				CLANG_WARN_BOOL_CONVERSION = YES;
				CLANG_WARN_CONSTANT_CONVERSION = YES;
				CLANG_WARN_DIRECT_OBJC_ISA_USAGE = YES_ERROR;
				CLANG_WARN_DOCUMENTATION_COMMENTS = YES;
				CLANG_WARN_EMPTY_BODY = YES;
				CLANG_WARN_ENUM_CONVERSION = YES;
				CLANG_WARN_INFINITE_RECURSION = YES;
				CLANG_WARN_INT_CONVERSION = YES;
				CLANG_WARN_OBJC_ROOT_CLASS = YES_ERROR;
				CLANG_WARN_SUSPICIOUS_MOVES = YES;
				CLANG_WARN_UNREACHABLE_CODE = YES;
				CLANG_WARN__DUPLICATE_METHOD_MATCH = YES;
				"CODE_SIGN_IDENTITY[sdk=iphoneos*]" = "iPhone Developer";
				COPY_PHASE_STRIP = NO;
				DEBUG_INFORMATION_FORMAT = "dwarf-with-dsym";
				ENABLE_NS_ASSERTIONS = NO;
				ENABLE_STRICT_OBJC_MSGSEND = YES;
				GCC_C_LANGUAGE_STANDARD = gnu99;
				GCC_NO_COMMON_BLOCKS = YES;
				GCC_WARN_64_TO_32_BIT_CONVERSION = YES;
				GCC_WARN_ABOUT_RETURN_TYPE = YES_ERROR;
				GCC_WARN_UNDECLARED_SELECTOR = YES;
				GCC_WARN_UNINITIALIZED_AUTOS = YES_AGGRESSIVE;
				GCC_WARN_UNUSED_FUNCTION = YES;
				GCC_WARN_UNUSED_VARIABLE = YES;
				IPHONEOS_DEPLOYMENT_TARGET = 10.1;
				MTL_ENABLE_DEBUG_INFO = NO;
				SDKROOT = iphoneos;
				TARGETED_DEVICE_FAMILY = "1,2";
				VALIDATE_PRODUCT = YES;
			};
			name = Release;
		};
		4E1AB7871DC6AFBC00E84E1F /* Debug */ = {
			isa = XCBuildConfiguration;
			buildSettings = {
				ASSETCATALOG_COMPILER_APPICON_NAME = AppIcon;
				DEVELOPMENT_TEAM = PJFWMGAM94;
				INFOPLIST_FILE = SpeechRecognitionObjCSample/Info.plist;
				LD_RUNPATH_SEARCH_PATHS = "$(inherited) @executable_path/Frameworks";
				PRODUCT_BUNDLE_IDENTIFIER = mm.SpeechRecognitionObjCSample;
				PRODUCT_NAME = "$(TARGET_NAME)";
			};
			name = Debug;
		};
		4E1AB7881DC6AFBC00E84E1F /* Release */ = {
			isa = XCBuildConfiguration;
			buildSettings = {
				ASSETCATALOG_COMPILER_APPICON_NAME = AppIcon;
				DEVELOPMENT_TEAM = PJFWMGAM94;
				INFOPLIST_FILE = SpeechRecognitionObjCSample/Info.plist;
				LD_RUNPATH_SEARCH_PATHS = "$(inherited) @executable_path/Frameworks";
				PRODUCT_BUNDLE_IDENTIFIER = mm.SpeechRecognitionObjCSample;
				PRODUCT_NAME = "$(TARGET_NAME)";
			};
			name = Release;
		};
/* End XCBuildConfiguration section */

/* Begin XCConfigurationList section */
		4E1AB76A1DC6AFBC00E84E1F /* Build configuration list for PBXProject "SpeechRecognitionObjCSample" */ = {
			isa = XCConfigurationList;
			buildConfigurations = (
				4E1AB7841DC6AFBC00E84E1F /* Debug */,
				4E1AB7851DC6AFBC00E84E1F /* Release */,
			);
			defaultConfigurationIsVisible = 0;
			defaultConfigurationName = Release;
		};
		4E1AB7861DC6AFBC00E84E1F /* Build configuration list for PBXNativeTarget "SpeechRecognitionObjCSample" */ = {
			isa = XCConfigurationList;
			buildConfigurations = (
				4E1AB7871DC6AFBC00E84E1F /* Debug */,
				4E1AB7881DC6AFBC00E84E1F /* Release */,
			);
			defaultConfigurationIsVisible = 0;
		};
/* End XCConfigurationList section */
	};
	rootObject = 4E1AB7671DC6AFBC00E84E1F /* Project object */;
}
