// !$*UTF8*$!
{
	archiveVersion = 1;
	classes = {
	};
	objectVersion = 46;
	objects = {

/* Begin PBXBuildFile section */
		4E0D0C131DA1C3B100C77040 /* AppDelegate.swift in Sources */ = {isa = PBXBuildFile; fileRef = 4E0D0C121DA1C3B100C77040 /* AppDelegate.swift */; };
		4E0D0C151DA1C3B100C77040 /* PropertyAnimatorViewController.swift in Sources */ = {isa = PBXBuildFile; fileRef = 4E0D0C141DA1C3B100C77040 /* PropertyAnimatorViewController.swift */; };
		4E0D0C181DA1C3B100C77040 /* PropertyAnimatorStoryboard.storyboard in Resources */ = {isa = PBXBuildFile; fileRef = 4E0D0C161DA1C3B100C77040 /* PropertyAnimatorStoryboard.storyboard */; };
		4E0D0C1A1DA1C3B100C77040 /* Assets.xcassets in Resources */ = {isa = PBXBuildFile; fileRef = 4E0D0C191DA1C3B100C77040 /* Assets.xcassets */; };
		4E0D0C1D1DA1C3B100C77040 /* LaunchScreen.storyboard in Resources */ = {isa = PBXBuildFile; fileRef = 4E0D0C1B1DA1C3B100C77040 /* LaunchScreen.storyboard */; };
/* End PBXBuildFile section */

/* Begin PBXFileReference section */
		4E0D0C0F1DA1C3B100C77040 /* UIViewPropertyAnimatorSwiftSample.app */ = {isa = PBXFileReference; explicitFileType = wrapper.application; includeInIndex = 0; path = UIViewPropertyAnimatorSwiftSample.app; sourceTree = BUILT_PRODUCTS_DIR; };
		4E0D0C121DA1C3B100C77040 /* AppDelegate.swift */ = {isa = PBXFileReference; lastKnownFileType = sourcecode.swift; path = AppDelegate.swift; sourceTree = "<group>"; };
		4E0D0C141DA1C3B100C77040 /* PropertyAnimatorViewController.swift */ = {isa = PBXFileReference; lastKnownFileType = sourcecode.swift; path = PropertyAnimatorViewController.swift; sourceTree = "<group>"; };
		4E0D0C171DA1C3B100C77040 /* Base */ = {isa = PBXFileReference; lastKnownFileType = file.storyboard; name = Base; path = Base.lproj/PropertyAnimatorStoryboard.storyboard; sourceTree = "<group>"; };
		4E0D0C191DA1C3B100C77040 /* Assets.xcassets */ = {isa = PBXFileReference; lastKnownFileType = folder.assetcatalog; path = Assets.xcassets; sourceTree = "<group>"; };
		4E0D0C1C1DA1C3B100C77040 /* Base */ = {isa = PBXFileReference; lastKnownFileType = file.storyboard; name = Base; path = Base.lproj/LaunchScreen.storyboard; sourceTree = "<group>"; };
		4E0D0C1E1DA1C3B100C77040 /* Info.plist */ = {isa = PBXFileReference; lastKnownFileType = text.plist.xml; path = Info.plist; sourceTree = "<group>"; };
/* End PBXFileReference section */

/* Begin PBXFrameworksBuildPhase section */
		4E0D0C0C1DA1C3B100C77040 /* Frameworks */ = {
			isa = PBXFrameworksBuildPhase;
			buildActionMask = 2147483647;
			files = (
			);
			runOnlyForDeploymentPostprocessing = 0;
		};
/* End PBXFrameworksBuildPhase section */

/* Begin PBXGroup section */
		4E0D0C061DA1C3B100C77040 = {
			isa = PBXGroup;
			children = (
				4E0D0C111DA1C3B100C77040 /* UIViewPropertyAnimatorSwiftSample */,
				4E0D0C101DA1C3B100C77040 /* Products */,
			);
			sourceTree = "<group>";
		};
		4E0D0C101DA1C3B100C77040 /* Products */ = {
			isa = PBXGroup;
			children = (
				4E0D0C0F1DA1C3B100C77040 /* UIViewPropertyAnimatorSwiftSample.app */,
			);
			name = Products;
			sourceTree = "<group>";
		};
		4E0D0C111DA1C3B100C77040 /* UIViewPropertyAnimatorSwiftSample */ = {
			isa = PBXGroup;
			children = (
				4E0D0C121DA1C3B100C77040 /* AppDelegate.swift */,
				4E0D0C141DA1C3B100C77040 /* PropertyAnimatorViewController.swift */,
				4E0D0C161DA1C3B100C77040 /* PropertyAnimatorStoryboard.storyboard */,
				4E0D0C191DA1C3B100C77040 /* Assets.xcassets */,
				4E0D0C1B1DA1C3B100C77040 /* LaunchScreen.storyboard */,
				4E0D0C1E1DA1C3B100C77040 /* Info.plist */,
			);
			path = UIViewPropertyAnimatorSwiftSample;
			sourceTree = "<group>";
		};
/* End PBXGroup section */

/* Begin PBXNativeTarget section */
		4E0D0C0E1DA1C3B100C77040 /* UIViewPropertyAnimatorSwiftSample */ = {
			isa = PBXNativeTarget;
			buildConfigurationList = 4E0D0C211DA1C3B100C77040 /* Build configuration list for PBXNativeTarget "UIViewPropertyAnimatorSwiftSample" */;
			buildPhases = (
				4E0D0C0B1DA1C3B100C77040 /* Sources */,
				4E0D0C0C1DA1C3B100C77040 /* Frameworks */,
				4E0D0C0D1DA1C3B100C77040 /* Resources */,
			);
			buildRules = (
			);
			dependencies = (
			);
			name = UIViewPropertyAnimatorSwiftSample;
			productName = UIViewPropertyAnimatorSwiftSample;
			productReference = 4E0D0C0F1DA1C3B100C77040 /* UIViewPropertyAnimatorSwiftSample.app */;
			productType = "com.apple.product-type.application";
		};
/* End PBXNativeTarget section */

/* Begin PBXProject section */
		4E0D0C071DA1C3B100C77040 /* Project object */ = {
			isa = PBXProject;
			attributes = {
				LastSwiftUpdateCheck = 0800;
				LastUpgradeCheck = 0800;
				ORGANIZATIONNAME = nikolay.andonov;
				TargetAttributes = {
					4E0D0C0E1DA1C3B100C77040 = {
						CreatedOnToolsVersion = 8.0;
						ProvisioningStyle = Automatic;
					};
				};
			};
			buildConfigurationList = 4E0D0C0A1DA1C3B100C77040 /* Build configuration list for PBXProject "UIViewPropertyAnimatorSwiftSample" */;
			compatibilityVersion = "Xcode 3.2";
			developmentRegion = English;
			hasScannedForEncodings = 0;
			knownRegions = (
				en,
				Base,
			);
			mainGroup = 4E0D0C061DA1C3B100C77040;
			productRefGroup = 4E0D0C101DA1C3B100C77040 /* Products */;
			projectDirPath = "";
			projectRoot = "";
			targets = (
				4E0D0C0E1DA1C3B100C77040 /* UIViewPropertyAnimatorSwiftSample */,
			);
		};
/* End PBXProject section */

/* Begin PBXResourcesBuildPhase section */
		4E0D0C0D1DA1C3B100C77040 /* Resources */ = {
			isa = PBXResourcesBuildPhase;
			buildActionMask = 2147483647;
			files = (
				4E0D0C1D1DA1C3B100C77040 /* LaunchScreen.storyboard in Resources */,
				4E0D0C1A1DA1C3B100C77040 /* Assets.xcassets in Resources */,
				4E0D0C181DA1C3B100C77040 /* PropertyAnimatorStoryboard.storyboard in Resources */,
			);
			runOnlyForDeploymentPostprocessing = 0;
		};
/* End PBXResourcesBuildPhase section */

/* Begin PBXSourcesBuildPhase section */
		4E0D0C0B1DA1C3B100C77040 /* Sources */ = {
			isa = PBXSourcesBuildPhase;
			buildActionMask = 2147483647;
			files = (
				4E0D0C151DA1C3B100C77040 /* PropertyAnimatorViewController.swift in Sources */,
				4E0D0C131DA1C3B100C77040 /* AppDelegate.swift in Sources */,
			);
			runOnlyForDeploymentPostprocessing = 0;
		};
/* End PBXSourcesBuildPhase section */

/* Begin PBXVariantGroup section */
		4E0D0C161DA1C3B100C77040 /* PropertyAnimatorStoryboard.storyboard */ = {
			isa = PBXVariantGroup;
			children = (
				4E0D0C171DA1C3B100C77040 /* Base */,
			);
			name = PropertyAnimatorStoryboard.storyboard;
			sourceTree = "<group>";
		};
		4E0D0C1B1DA1C3B100C77040 /* LaunchScreen.storyboard */ = {
			isa = PBXVariantGroup;
			children = (
				4E0D0C1C1DA1C3B100C77040 /* Base */,
			);
			name = LaunchScreen.storyboard;
			sourceTree = "<group>";
		};
/* End PBXVariantGroup section */

/* Begin XCBuildConfiguration section */
		4E0D0C1F1DA1C3B100C77040 /* Debug */ = {
			isa = XCBuildConfiguration;
			buildSettings = {
				ALWAYS_SEARCH_USER_PATHS = NO;
				CLANG_ANALYZER_NONNULL = YES;
				CLANG_CXX_LANGUAGE_STANDARD = "gnu++0x";
				CLANG_CXX_LIBRARY = "libc++";
				CLANG_ENABLE_MODULES = YES;
				CLANG_ENABLE_OBJC_ARC = YES;
				CLANG_WARN_BOOL_CONVERSION = YES;
				CLANG_WARN_CONSTANT_CONVERSION = YES;
				CLANG_WARN_DIRECT_OBJC_ISA_USAGE = YES_ERROR;
				CLANG_WARN_DOCUMENTATION_COMMENTS = YES;
				CLANG_WARN_EMPTY_BODY = YES;
				CLANG_WARN_ENUM_CONVERSION = YES;
				CLANG_WARN_INFINITE_RECURSION = YES;
				CLANG_WARN_INT_CONVERSION = YES;
				CLANG_WARN_OBJC_ROOT_CLASS = YES_ERROR;
				CLANG_WARN_SUSPICIOUS_MOVES = YES;
				CLANG_WARN_UNREACHABLE_CODE = YES;
				CLANG_WARN__DUPLICATE_METHOD_MATCH = YES;
				"CODE_SIGN_IDENTITY[sdk=iphoneos*]" = "iPhone Developer";
				COPY_PHASE_STRIP = NO;
				DEBUG_INFORMATION_FORMAT = dwarf;
				ENABLE_STRICT_OBJC_MSGSEND = YES;
				ENABLE_TESTABILITY = YES;
				GCC_C_LANGUAGE_STANDARD = gnu99;
				GCC_DYNAMIC_NO_PIC = NO;
				GCC_NO_COMMON_BLOCKS = YES;
				GCC_OPTIMIZATION_LEVEL = 0;
				GCC_PREPROCESSOR_DEFINITIONS = (
					"DEBUG=1",
					"$(inherited)",
				);
				GCC_WARN_64_TO_32_BIT_CONVERSION = YES;
				GCC_WARN_ABOUT_RETURN_TYPE = YES_ERROR;
				GCC_WARN_UNDECLARED_SELECTOR = YES;
				GCC_WARN_UNINITIALIZED_AUTOS = YES_AGGRESSIVE;
				GCC_WARN_UNUSED_FUNCTION = YES;
				GCC_WARN_UNUSED_VARIABLE = YES;
				IPHONEOS_DEPLOYMENT_TARGET = 10.0;
				MTL_ENABLE_DEBUG_INFO = YES;
				ONLY_ACTIVE_ARCH = YES;
				SDKROOT = iphoneos;
				SWIFT_ACTIVE_COMPILATION_CONDITIONS = DEBUG;
				SWIFT_OPTIMIZATION_LEVEL = "-Onone";
				TARGETED_DEVICE_FAMILY = "1,2";
			};
			name = Debug;
		};
		4E0D0C201DA1C3B100C77040 /* Release */ = {
			isa = XCBuildConfiguration;
			buildSettings = {
				ALWAYS_SEARCH_USER_PATHS = NO;
				CLANG_ANALYZER_NONNULL = YES;
				CLANG_CXX_LANGUAGE_STANDARD = "gnu++0x";
				CLANG_CXX_LIBRARY = "libc++";
				CLANG_ENABLE_MODULES = YES;
				CLANG_ENABLE_OBJC_ARC = YES;
				CLANG_WARN_BOOL_CONVERSION = YES;
				CLANG_WARN_CONSTANT_CONVERSION = YES;
				CLANG_WARN_DIRECT_OBJC_ISA_USAGE = YES_ERROR;
				CLANG_WARN_DOCUMENTATION_COMMENTS = YES;
				CLANG_WARN_EMPTY_BODY = YES;
				CLANG_WARN_ENUM_CONVERSION = YES;
				CLANG_WARN_INFINITE_RECURSION = YES;
				CLANG_WARN_INT_CONVERSION = YES;
				CLANG_WARN_OBJC_ROOT_CLASS = YES_ERROR;
				CLANG_WARN_SUSPICIOUS_MOVES = YES;
				CLANG_WARN_UNREACHABLE_CODE = YES;
				CLANG_WARN__DUPLICATE_METHOD_MATCH = YES;
				"CODE_SIGN_IDENTITY[sdk=iphoneos*]" = "iPhone Developer";
				COPY_PHASE_STRIP = NO;
				DEBUG_INFORMATION_FORMAT = "dwarf-with-dsym";
				ENABLE_NS_ASSERTIONS = NO;
				ENABLE_STRICT_OBJC_MSGSEND = YES;
				GCC_C_LANGUAGE_STANDARD = gnu99;
				GCC_NO_COMMON_BLOCKS = YES;
				GCC_WARN_64_TO_32_BIT_CONVERSION = YES;
				GCC_WARN_ABOUT_RETURN_TYPE = YES_ERROR;
				GCC_WARN_UNDECLARED_SELECTOR = YES;
				GCC_WARN_UNINITIALIZED_AUTOS = YES_AGGRESSIVE;
				GCC_WARN_UNUSED_FUNCTION = YES;
				GCC_WARN_UNUSED_VARIABLE = YES;
				IPHONEOS_DEPLOYMENT_TARGET = 10.0;
				MTL_ENABLE_DEBUG_INFO = NO;
				SDKROOT = iphoneos;
				SWIFT_OPTIMIZATION_LEVEL = "-Owholemodule";
				TARGETED_DEVICE_FAMILY = "1,2";
				VALIDATE_PRODUCT = YES;
			};
			name = Release;
		};
		4E0D0C221DA1C3B100C77040 /* Debug */ = {
			isa = XCBuildConfiguration;
			buildSettings = {
				ASSETCATALOG_COMPILER_APPICON_NAME = AppIcon;
				INFOPLIST_FILE = UIViewPropertyAnimatorSwiftSample/Info.plist;
				LD_RUNPATH_SEARCH_PATHS = "$(inherited) @executable_path/Frameworks";
				PRODUCT_BUNDLE_IDENTIFIER = mm.UIViewPropertyAnimatorSwiftSample;
				PRODUCT_NAME = "$(TARGET_NAME)";
				SWIFT_VERSION = 3.0;
			};
			name = Debug;
		};
		4E0D0C231DA1C3B100C77040 /* Release */ = {
			isa = XCBuildConfiguration;
			buildSettings = {
				ASSETCATALOG_COMPILER_APPICON_NAME = AppIcon;
				INFOPLIST_FILE = UIViewPropertyAnimatorSwiftSample/Info.plist;
				LD_RUNPATH_SEARCH_PATHS = "$(inherited) @executable_path/Frameworks";
				PRODUCT_BUNDLE_IDENTIFIER = mm.UIViewPropertyAnimatorSwiftSample;
				PRODUCT_NAME = "$(TARGET_NAME)";
				SWIFT_VERSION = 3.0;
			};
			name = Release;
		};
/* End XCBuildConfiguration section */

/* Begin XCConfigurationList section */
		4E0D0C0A1DA1C3B100C77040 /* Build configuration list for PBXProject "UIViewPropertyAnimatorSwiftSample" */ = {
			isa = XCConfigurationList;
			buildConfigurations = (
				4E0D0C1F1DA1C3B100C77040 /* Debug */,
				4E0D0C201DA1C3B100C77040 /* Release */,
			);
			defaultConfigurationIsVisible = 0;
			defaultConfigurationName = Release;
		};
		4E0D0C211DA1C3B100C77040 /* Build configuration list for PBXNativeTarget "UIViewPropertyAnimatorSwiftSample" */ = {
			isa = XCConfigurationList;
			buildConfigurations = (
				4E0D0C221DA1C3B100C77040 /* Debug */,
				4E0D0C231DA1C3B100C77040 /* Release */,
			);
			defaultConfigurationIsVisible = 0;
			defaultConfigurationName = Release;
		};
/* End XCConfigurationList section */
	};
	rootObject = 4E0D0C071DA1C3B100C77040 /* Project object */;
}
