// !$*UTF8*$!
{
	archiveVersion = 1;
	classes = {
	};
	objectVersion = 46;
	objects = {

/* Begin PBXBuildFile section */
		4E886D411DB46622008B865A /* main.m in Sources */ = {isa = PBXBuildFile; fileRef = 4E886D401DB46622008B865A /* main.m */; };
		4E886D441DB46622008B865A /* AppDelegate.m in Sources */ = {isa = PBXBuildFile; fileRef = 4E886D431DB46622008B865A /* AppDelegate.m */; };
		4E886D4A1DB46622008B865A /* Main.storyboard in Resources */ = {isa = PBXBuildFile; fileRef = 4E886D481DB46622008B865A /* Main.storyboard */; };
		4E886D4C1DB46622008B865A /* Assets.xcassets in Resources */ = {isa = PBXBuildFile; fileRef = 4E886D4B1DB46622008B865A /* Assets.xcassets */; };
		4E886D4F1DB46622008B865A /* LaunchScreen.storyboard in Resources */ = {isa = PBXBuildFile; fileRef = 4E886D4D1DB46622008B865A /* LaunchScreen.storyboard */; };
		4E886D591DB4667D008B865A /* PreviewInteractionMainViewController.m in Sources */ = {isa = PBXBuildFile; fileRef = 4E886D581DB4667D008B865A /* PreviewInteractionMainViewController.m */; };
		4E886D5C1DB466A2008B865A /* PreviewInteractionPopViewController.m in Sources */ = {isa = PBXBuildFile; fileRef = 4E886D5B1DB466A2008B865A /* PreviewInteractionPopViewController.m */; };
		4E886D5E1DB467B4008B865A /* sample.jpg in Resources */ = {isa = PBXBuildFile; fileRef = 4E886D5D1DB467B4008B865A /* sample.jpg */; };
/* End PBXBuildFile section */

/* Begin PBXFileReference section */
		4E886D3C1DB46622008B865A /* UIPreviewInteractionObjCSample.app */ = {isa = PBXFileReference; explicitFileType = wrapper.application; includeInIndex = 0; path = UIPreviewInteractionObjCSample.app; sourceTree = BUILT_PRODUCTS_DIR; };
		4E886D401DB46622008B865A /* main.m */ = {isa = PBXFileReference; lastKnownFileType = sourcecode.c.objc; path = main.m; sourceTree = "<group>"; };
		4E886D421DB46622008B865A /* AppDelegate.h */ = {isa = PBXFileReference; lastKnownFileType = sourcecode.c.h; path = AppDelegate.h; sourceTree = "<group>"; };
		4E886D431DB46622008B865A /* AppDelegate.m */ = {isa = PBXFileReference; lastKnownFileType = sourcecode.c.objc; path = AppDelegate.m; sourceTree = "<group>"; };
		4E886D491DB46622008B865A /* Base */ = {isa = PBXFileReference; lastKnownFileType = file.storyboard; name = Base; path = Base.lproj/Main.storyboard; sourceTree = "<group>"; };
		4E886D4B1DB46622008B865A /* Assets.xcassets */ = {isa = PBXFileReference; lastKnownFileType = folder.assetcatalog; path = Assets.xcassets; sourceTree = "<group>"; };
		4E886D4E1DB46622008B865A /* Base */ = {isa = PBXFileReference; lastKnownFileType = file.storyboard; name = Base; path = Base.lproj/LaunchScreen.storyboard; sourceTree = "<group>"; };
		4E886D501DB46622008B865A /* Info.plist */ = {isa = PBXFileReference; lastKnownFileType = text.plist.xml; path = Info.plist; sourceTree = "<group>"; };
		4E886D571DB4667D008B865A /* PreviewInteractionMainViewController.h */ = {isa = PBXFileReference; fileEncoding = 4; lastKnownFileType = sourcecode.c.h; path = PreviewInteractionMainViewController.h; sourceTree = "<group>"; };
		4E886D581DB4667D008B865A /* PreviewInteractionMainViewController.m */ = {isa = PBXFileReference; fileEncoding = 4; lastKnownFileType = sourcecode.c.objc; path = PreviewInteractionMainViewController.m; sourceTree = "<group>"; };
		4E886D5A1DB466A2008B865A /* PreviewInteractionPopViewController.h */ = {isa = PBXFileReference; fileEncoding = 4; lastKnownFileType = sourcecode.c.h; path = PreviewInteractionPopViewController.h; sourceTree = "<group>"; };
		4E886D5B1DB466A2008B865A /* PreviewInteractionPopViewController.m */ = {isa = PBXFileReference; fileEncoding = 4; lastKnownFileType = sourcecode.c.objc; path = PreviewInteractionPopViewController.m; sourceTree = "<group>"; };
		4E886D5D1DB467B4008B865A /* sample.jpg */ = {isa = PBXFileReference; lastKnownFileType = image.jpeg; path = sample.jpg; sourceTree = "<group>"; };
/* End PBXFileReference section */

/* Begin PBXFrameworksBuildPhase section */
		4E886D391DB46622008B865A /* Frameworks */ = {
			isa = PBXFrameworksBuildPhase;
			buildActionMask = 2147483647;
			files = (
			);
			runOnlyForDeploymentPostprocessing = 0;
		};
/* End PBXFrameworksBuildPhase section */

/* Begin PBXGroup section */
		4E886D331DB46622008B865A = {
			isa = PBXGroup;
			children = (
				4E886D3E1DB46622008B865A /* UIPreviewInteractionObjCSample */,
				4E886D3D1DB46622008B865A /* Products */,
			);
			sourceTree = "<group>";
		};
		4E886D3D1DB46622008B865A /* Products */ = {
			isa = PBXGroup;
			children = (
				4E886D3C1DB46622008B865A /* UIPreviewInteractionObjCSample.app */,
			);
			name = Products;
			sourceTree = "<group>";
		};
		4E886D3E1DB46622008B865A /* UIPreviewInteractionObjCSample */ = {
			isa = PBXGroup;
			children = (
				4E886D421DB46622008B865A /* AppDelegate.h */,
				4E886D431DB46622008B865A /* AppDelegate.m */,
				4E886D481DB46622008B865A /* Main.storyboard */,
				4E886D561DB4662F008B865A /* View Controllers */,
				4E886D4B1DB46622008B865A /* Assets.xcassets */,
				4E886D4D1DB46622008B865A /* LaunchScreen.storyboard */,
				4E886D501DB46622008B865A /* Info.plist */,
				4E886D5D1DB467B4008B865A /* sample.jpg */,
				4E886D3F1DB46622008B865A /* Supporting Files */,
			);
			path = UIPreviewInteractionObjCSample;
			sourceTree = "<group>";
		};
		4E886D3F1DB46622008B865A /* Supporting Files */ = {
			isa = PBXGroup;
			children = (
				4E886D401DB46622008B865A /* main.m */,
			);
			name = "Supporting Files";
			sourceTree = "<group>";
		};
		4E886D561DB4662F008B865A /* View Controllers */ = {
			isa = PBXGroup;
			children = (
				4E886D571DB4667D008B865A /* PreviewInteractionMainViewController.h */,
				4E886D581DB4667D008B865A /* PreviewInteractionMainViewController.m */,
				4E886D5A1DB466A2008B865A /* PreviewInteractionPopViewController.h */,
				4E886D5B1DB466A2008B865A /* PreviewInteractionPopViewController.m */,
			);
			name = "View Controllers";
			sourceTree = "<group>";
		};
/* End PBXGroup section */

/* Begin PBXNativeTarget section */
		4E886D3B1DB46622008B865A /* UIPreviewInteractionObjCSample */ = {
			isa = PBXNativeTarget;
			buildConfigurationList = 4E886D531DB46622008B865A /* Build configuration list for PBXNativeTarget "UIPreviewInteractionObjCSample" */;
			buildPhases = (
				4E886D381DB46622008B865A /* Sources */,
				4E886D391DB46622008B865A /* Frameworks */,
				4E886D3A1DB46622008B865A /* Resources */,
			);
			buildRules = (
			);
			dependencies = (
			);
			name = UIPreviewInteractionObjCSample;
			productName = UIPreviewInteractionObjCSample;
			productReference = 4E886D3C1DB46622008B865A /* UIPreviewInteractionObjCSample.app */;
			productType = "com.apple.product-type.application";
		};
/* End PBXNativeTarget section */

/* Begin PBXProject section */
		4E886D341DB46622008B865A /* Project object */ = {
			isa = PBXProject;
			attributes = {
				LastUpgradeCheck = 0800;
				ORGANIZATIONNAME = nikolay.andonov;
				TargetAttributes = {
					4E886D3B1DB46622008B865A = {
						CreatedOnToolsVersion = 8.0;
						DevelopmentTeam = PJFWMGAM94;
						ProvisioningStyle = Automatic;
					};
				};
			};
			buildConfigurationList = 4E886D371DB46622008B865A /* Build configuration list for PBXProject "UIPreviewInteractionObjCSample" */;
			compatibilityVersion = "Xcode 3.2";
			developmentRegion = English;
			hasScannedForEncodings = 0;
			knownRegions = (
				en,
				Base,
			);
			mainGroup = 4E886D331DB46622008B865A;
			productRefGroup = 4E886D3D1DB46622008B865A /* Products */;
			projectDirPath = "";
			projectRoot = "";
			targets = (
				4E886D3B1DB46622008B865A /* UIPreviewInteractionObjCSample */,
			);
		};
/* End PBXProject section */

/* Begin PBXResourcesBuildPhase section */
		4E886D3A1DB46622008B865A /* Resources */ = {
			isa = PBXResourcesBuildPhase;
			buildActionMask = 2147483647;
			files = (
				4E886D4F1DB46622008B865A /* LaunchScreen.storyboard in Resources */,
				4E886D4C1DB46622008B865A /* Assets.xcassets in Resources */,
				4E886D4A1DB46622008B865A /* Main.storyboard in Resources */,
				4E886D5E1DB467B4008B865A /* sample.jpg in Resources */,
			);
			runOnlyForDeploymentPostprocessing = 0;
		};
/* End PBXResourcesBuildPhase section */

/* Begin PBXSourcesBuildPhase section */
		4E886D381DB46622008B865A /* Sources */ = {
			isa = PBXSourcesBuildPhase;
			buildActionMask = 2147483647;
			files = (
				4E886D5C1DB466A2008B865A /* PreviewInteractionPopViewController.m in Sources */,
				4E886D441DB46622008B865A /* AppDelegate.m in Sources */,
				4E886D591DB4667D008B865A /* PreviewInteractionMainViewController.m in Sources */,
				4E886D411DB46622008B865A /* main.m in Sources */,
			);
			runOnlyForDeploymentPostprocessing = 0;
		};
/* End PBXSourcesBuildPhase section */

/* Begin PBXVariantGroup section */
		4E886D481DB46622008B865A /* Main.storyboard */ = {
			isa = PBXVariantGroup;
			children = (
				4E886D491DB46622008B865A /* Base */,
			);
			name = Main.storyboard;
			sourceTree = "<group>";
		};
		4E886D4D1DB46622008B865A /* LaunchScreen.storyboard */ = {
			isa = PBXVariantGroup;
			children = (
				4E886D4E1DB46622008B865A /* Base */,
			);
			name = LaunchScreen.storyboard;
			sourceTree = "<group>";
		};
/* End PBXVariantGroup section */

/* Begin XCBuildConfiguration section */
		4E886D511DB46622008B865A /* Debug */ = {
			isa = XCBuildConfiguration;
			buildSettings = {
				ALWAYS_SEARCH_USER_PATHS = NO;
				CLANG_ANALYZER_NONNULL = YES;
				CLANG_CXX_LANGUAGE_STANDARD = "gnu++0x";
				CLANG_CXX_LIBRARY = "libc++";
				CLANG_ENABLE_MODULES = YES;
				CLANG_ENABLE_OBJC_ARC = YES;
				CLANG_WARN_BOOL_CONVERSION = YES;
				CLANG_WARN_CONSTANT_CONVERSION = YES;
				CLANG_WARN_DIRECT_OBJC_ISA_USAGE = YES_ERROR;
				CLANG_WARN_DOCUMENTATION_COMMENTS = YES;
				CLANG_WARN_EMPTY_BODY = YES;
				CLANG_WARN_ENUM_CONVERSION = YES;
				CLANG_WARN_INFINITE_RECURSION = YES;
				CLANG_WARN_INT_CONVERSION = YES;
				CLANG_WARN_OBJC_ROOT_CLASS = YES_ERROR;
				CLANG_WARN_SUSPICIOUS_MOVES = YES;
				CLANG_WARN_UNREACHABLE_CODE = YES;
				CLANG_WARN__DUPLICATE_METHOD_MATCH = YES;
				"CODE_SIGN_IDENTITY[sdk=iphoneos*]" = "iPhone Developer";
				COPY_PHASE_STRIP = NO;
				DEBUG_INFORMATION_FORMAT = dwarf;
				ENABLE_STRICT_OBJC_MSGSEND = YES;
				ENABLE_TESTABILITY = YES;
				GCC_C_LANGUAGE_STANDARD = gnu99;
				GCC_DYNAMIC_NO_PIC = NO;
				GCC_NO_COMMON_BLOCKS = YES;
				GCC_OPTIMIZATION_LEVEL = 0;
				GCC_PREPROCESSOR_DEFINITIONS = (
					"DEBUG=1",
					"$(inherited)",
				);
				GCC_WARN_64_TO_32_BIT_CONVERSION = YES;
				GCC_WARN_ABOUT_RETURN_TYPE = YES_ERROR;
				GCC_WARN_UNDECLARED_SELECTOR = YES;
				GCC_WARN_UNINITIALIZED_AUTOS = YES_AGGRESSIVE;
				GCC_WARN_UNUSED_FUNCTION = YES;
				GCC_WARN_UNUSED_VARIABLE = YES;
				IPHONEOS_DEPLOYMENT_TARGET = 10.0;
				MTL_ENABLE_DEBUG_INFO = YES;
				ONLY_ACTIVE_ARCH = YES;
				SDKROOT = iphoneos;
				TARGETED_DEVICE_FAMILY = "1,2";
			};
			name = Debug;
		};
		4E886D521DB46622008B865A /* Release */ = {
			isa = XCBuildConfiguration;
			buildSettings = {
				ALWAYS_SEARCH_USER_PATHS = NO;
				CLANG_ANALYZER_NONNULL = YES;
				CLANG_CXX_LANGUAGE_STANDARD = "gnu++0x";
				CLANG_CXX_LIBRARY = "libc++";
				CLANG_ENABLE_MODULES = YES;
				CLANG_ENABLE_OBJC_ARC = YES;
				CLANG_WARN_BOOL_CONVERSION = YES;
				CLANG_WARN_CONSTANT_CONVERSION = YES;
				CLANG_WARN_DIRECT_OBJC_ISA_USAGE = YES_ERROR;
				CLANG_WARN_DOCUMENTATION_COMMENTS = YES;
				CLANG_WARN_EMPTY_BODY = YES;
				CLANG_WARN_ENUM_CONVERSION = YES;
				CLANG_WARN_INFINITE_RECURSION = YES;
				CLANG_WARN_INT_CONVERSION = YES;
				CLANG_WARN_OBJC_ROOT_CLASS = YES_ERROR;
				CLANG_WARN_SUSPICIOUS_MOVES = YES;
				CLANG_WARN_UNREACHABLE_CODE = YES;
				CLANG_WARN__DUPLICATE_METHOD_MATCH = YES;
				"CODE_SIGN_IDENTITY[sdk=iphoneos*]" = "iPhone Developer";
				COPY_PHASE_STRIP = NO;
				DEBUG_INFORMATION_FORMAT = "dwarf-with-dsym";
				ENABLE_NS_ASSERTIONS = NO;
				ENABLE_STRICT_OBJC_MSGSEND = YES;
				GCC_C_LANGUAGE_STANDARD = gnu99;
				GCC_NO_COMMON_BLOCKS = YES;
				GCC_WARN_64_TO_32_BIT_CONVERSION = YES;
				GCC_WARN_ABOUT_RETURN_TYPE = YES_ERROR;
				GCC_WARN_UNDECLARED_SELECTOR = YES;
				GCC_WARN_UNINITIALIZED_AUTOS = YES_AGGRESSIVE;
				GCC_WARN_UNUSED_FUNCTION = YES;
				GCC_WARN_UNUSED_VARIABLE = YES;
				IPHONEOS_DEPLOYMENT_TARGET = 10.0;
				MTL_ENABLE_DEBUG_INFO = NO;
				SDKROOT = iphoneos;
				TARGETED_DEVICE_FAMILY = "1,2";
				VALIDATE_PRODUCT = YES;
			};
			name = Release;
		};
		4E886D541DB46622008B865A /* Debug */ = {
			isa = XCBuildConfiguration;
			buildSettings = {
				ASSETCATALOG_COMPILER_APPICON_NAME = AppIcon;
				DEVELOPMENT_TEAM = PJFWMGAM94;
				INFOPLIST_FILE = UIPreviewInteractionObjCSample/Info.plist;
				LD_RUNPATH_SEARCH_PATHS = "$(inherited) @executable_path/Frameworks";
				PRODUCT_BUNDLE_IDENTIFIER = mm.UIPreviewInteractionObjCSample;
				PRODUCT_NAME = "$(TARGET_NAME)";
			};
			name = Debug;
		};
		4E886D551DB46622008B865A /* Release */ = {
			isa = XCBuildConfiguration;
			buildSettings = {
				ASSETCATALOG_COMPILER_APPICON_NAME = AppIcon;
				DEVELOPMENT_TEAM = PJFWMGAM94;
				INFOPLIST_FILE = UIPreviewInteractionObjCSample/Info.plist;
				LD_RUNPATH_SEARCH_PATHS = "$(inherited) @executable_path/Frameworks";
				PRODUCT_BUNDLE_IDENTIFIER = mm.UIPreviewInteractionObjCSample;
				PRODUCT_NAME = "$(TARGET_NAME)";
			};
			name = Release;
		};
/* End XCBuildConfiguration section */

/* Begin XCConfigurationList section */
		4E886D371DB46622008B865A /* Build configuration list for PBXProject "UIPreviewInteractionObjCSample" */ = {
			isa = XCConfigurationList;
			buildConfigurations = (
				4E886D511DB46622008B865A /* Debug */,
				4E886D521DB46622008B865A /* Release */,
			);
			defaultConfigurationIsVisible = 0;
			defaultConfigurationName = Release;
		};
		4E886D531DB46622008B865A /* Build configuration list for PBXNativeTarget "UIPreviewInteractionObjCSample" */ = {
			isa = XCConfigurationList;
			buildConfigurations = (
				4E886D541DB46622008B865A /* Debug */,
				4E886D551DB46622008B865A /* Release */,
			);
			defaultConfigurationIsVisible = 0;
		};
/* End XCConfigurationList section */
	};
	rootObject = 4E886D341DB46622008B865A /* Project object */;
}
