// !$*UTF8*$!
{
	archiveVersion = 1;
	classes = {
	};
	objectVersion = 46;
	objects = {

/* Begin PBXBuildFile section */
		4E0FCED11DD333D1000098A5 /* AppDelegate.swift in Sources */ = {isa = PBXBuildFile; fileRef = 4E0FCED01DD333D1000098A5 /* AppDelegate.swift */; };
		4E0FCED61DD333D1000098A5 /* Main.storyboard in Resources */ = {isa = PBXBuildFile; fileRef = 4E0FCED41DD333D1000098A5 /* Main.storyboard */; };
		4E0FCED81DD333D1000098A5 /* Assets.xcassets in Resources */ = {isa = PBXBuildFile; fileRef = 4E0FCED71DD333D1000098A5 /* Assets.xcassets */; };
		4E0FCEDB1DD333D1000098A5 /* LaunchScreen.storyboard in Resources */ = {isa = PBXBuildFile; fileRef = 4E0FCED91DD333D1000098A5 /* LaunchScreen.storyboard */; };
		4E0FCEE51DD33425000098A5 /* MainViewController.swift in Sources */ = {isa = PBXBuildFile; fileRef = 4E0FCEE41DD33425000098A5 /* MainViewController.swift */; };
		4E0FCEE71DD3362B000098A5 /* UserNotificationsHandler.swift in Sources */ = {isa = PBXBuildFile; fileRef = 4E0FCEE61DD3362B000098A5 /* UserNotificationsHandler.swift */; };
		4E0FCEEA1DD34FB0000098A5 /* logo.png in Resources */ = {isa = PBXBuildFile; fileRef = 4E0FCEE91DD34FB0000098A5 /* logo.png */; };
/* End PBXBuildFile section */

/* Begin PBXFileReference section */
		4E0FCECD1DD333D1000098A5 /* UserNotificationsSwiftSample.app */ = {isa = PBXFileReference; explicitFileType = wrapper.application; includeInIndex = 0; path = UserNotificationsSwiftSample.app; sourceTree = BUILT_PRODUCTS_DIR; };
		4E0FCED01DD333D1000098A5 /* AppDelegate.swift */ = {isa = PBXFileReference; lastKnownFileType = sourcecode.swift; path = AppDelegate.swift; sourceTree = "<group>"; };
		4E0FCED51DD333D1000098A5 /* Base */ = {isa = PBXFileReference; lastKnownFileType = file.storyboard; name = Base; path = Base.lproj/Main.storyboard; sourceTree = "<group>"; };
		4E0FCED71DD333D1000098A5 /* Assets.xcassets */ = {isa = PBXFileReference; lastKnownFileType = folder.assetcatalog; path = Assets.xcassets; sourceTree = "<group>"; };
		4E0FCEDA1DD333D1000098A5 /* Base */ = {isa = PBXFileReference; lastKnownFileType = file.storyboard; name = Base; path = Base.lproj/LaunchScreen.storyboard; sourceTree = "<group>"; };
		4E0FCEDC1DD333D1000098A5 /* Info.plist */ = {isa = PBXFileReference; lastKnownFileType = text.plist.xml; path = Info.plist; sourceTree = "<group>"; };
		4E0FCEE41DD33425000098A5 /* MainViewController.swift */ = {isa = PBXFileReference; fileEncoding = 4; lastKnownFileType = sourcecode.swift; path = MainViewController.swift; sourceTree = "<group>"; };
		4E0FCEE61DD3362B000098A5 /* UserNotificationsHandler.swift */ = {isa = PBXFileReference; fileEncoding = 4; lastKnownFileType = sourcecode.swift; path = UserNotificationsHandler.swift; sourceTree = "<group>"; };
		4E0FCEE91DD34FB0000098A5 /* logo.png */ = {isa = PBXFileReference; lastKnownFileType = image.png; path = logo.png; sourceTree = "<group>"; };
/* End PBXFileReference section */

/* Begin PBXFrameworksBuildPhase section */
		4E0FCECA1DD333D1000098A5 /* Frameworks */ = {
			isa = PBXFrameworksBuildPhase;
			buildActionMask = 2147483647;
			files = (
			);
			runOnlyForDeploymentPostprocessing = 0;
		};
/* End PBXFrameworksBuildPhase section */

/* Begin PBXGroup section */
		4E0FCEC41DD333D1000098A5 = {
			isa = PBXGroup;
			children = (
				4E0FCECF1DD333D1000098A5 /* UserNotificationsSwiftSample */,
				4E0FCECE1DD333D1000098A5 /* Products */,
			);
			sourceTree = "<group>";
		};
		4E0FCECE1DD333D1000098A5 /* Products */ = {
			isa = PBXGroup;
			children = (
				4E0FCECD1DD333D1000098A5 /* UserNotificationsSwiftSample.app */,
			);
			name = Products;
			sourceTree = "<group>";
		};
		4E0FCECF1DD333D1000098A5 /* UserNotificationsSwiftSample */ = {
			isa = PBXGroup;
			children = (
				4E0FCED01DD333D1000098A5 /* AppDelegate.swift */,
				4E0FCEE21DD333DB000098A5 /* View Controllers */,
				4E0FCEE31DD333E5000098A5 /* Handlers */,
				4E0FCEE81DD34F78000098A5 /* Resources */,
				4E0FCED41DD333D1000098A5 /* Main.storyboard */,
				4E0FCED71DD333D1000098A5 /* Assets.xcassets */,
				4E0FCED91DD333D1000098A5 /* LaunchScreen.storyboard */,
				4E0FCEDC1DD333D1000098A5 /* Info.plist */,
			);
			path = UserNotificationsSwiftSample;
			sourceTree = "<group>";
		};
		4E0FCEE21DD333DB000098A5 /* View Controllers */ = {
			isa = PBXGroup;
			children = (
				4E0FCEE41DD33425000098A5 /* MainViewController.swift */,
			);
			name = "View Controllers";
			sourceTree = "<group>";
		};
		4E0FCEE31DD333E5000098A5 /* Handlers */ = {
			isa = PBXGroup;
			children = (
				4E0FCEE61DD3362B000098A5 /* UserNotificationsHandler.swift */,
			);
			name = Handlers;
			sourceTree = "<group>";
		};
		4E0FCEE81DD34F78000098A5 /* Resources */ = {
			isa = PBXGroup;
			children = (
				4E0FCEE91DD34FB0000098A5 /* logo.png */,
			);
			name = Resources;
			sourceTree = "<group>";
		};
/* End PBXGroup section */

/* Begin PBXNativeTarget section */
		4E0FCECC1DD333D1000098A5 /* UserNotificationsSwiftSample */ = {
			isa = PBXNativeTarget;
			buildConfigurationList = 4E0FCEDF1DD333D1000098A5 /* Build configuration list for PBXNativeTarget "UserNotificationsSwiftSample" */;
			buildPhases = (
				4E0FCEC91DD333D1000098A5 /* Sources */,
				4E0FCECA1DD333D1000098A5 /* Frameworks */,
				4E0FCECB1DD333D1000098A5 /* Resources */,
			);
			buildRules = (
			);
			dependencies = (
			);
			name = UserNotificationsSwiftSample;
			productName = UserNotificationsSwiftSample;
			productReference = 4E0FCECD1DD333D1000098A5 /* UserNotificationsSwiftSample.app */;
			productType = "com.apple.product-type.application";
		};
/* End PBXNativeTarget section */

/* Begin PBXProject section */
		4E0FCEC51DD333D1000098A5 /* Project object */ = {
			isa = PBXProject;
			attributes = {
				LastSwiftUpdateCheck = 0810;
				LastUpgradeCheck = 0810;
				ORGANIZATIONNAME = Mentormate;
				TargetAttributes = {
					4E0FCECC1DD333D1000098A5 = {
						CreatedOnToolsVersion = 8.1;
						ProvisioningStyle = Automatic;
					};
				};
			};
			buildConfigurationList = 4E0FCEC81DD333D1000098A5 /* Build configuration list for PBXProject "UserNotificationsSwiftSample" */;
			compatibilityVersion = "Xcode 3.2";
			developmentRegion = English;
			hasScannedForEncodings = 0;
			knownRegions = (
				en,
				Base,
			);
			mainGroup = 4E0FCEC41DD333D1000098A5;
			productRefGroup = 4E0FCECE1DD333D1000098A5 /* Products */;
			projectDirPath = "";
			projectRoot = "";
			targets = (
				4E0FCECC1DD333D1000098A5 /* UserNotificationsSwiftSample */,
			);
		};
/* End PBXProject section */

/* Begin PBXResourcesBuildPhase section */
		4E0FCECB1DD333D1000098A5 /* Resources */ = {
			isa = PBXResourcesBuildPhase;
			buildActionMask = 2147483647;
			files = (
				4E0FCEEA1DD34FB0000098A5 /* logo.png in Resources */,
				4E0FCEDB1DD333D1000098A5 /* LaunchScreen.storyboard in Resources */,
				4E0FCED81DD333D1000098A5 /* Assets.xcassets in Resources */,
				4E0FCED61DD333D1000098A5 /* Main.storyboard in Resources */,
			);
			runOnlyForDeploymentPostprocessing = 0;
		};
/* End PBXResourcesBuildPhase section */

/* Begin PBXSourcesBuildPhase section */
		4E0FCEC91DD333D1000098A5 /* Sources */ = {
			isa = PBXSourcesBuildPhase;
			buildActionMask = 2147483647;
			files = (
				4E0FCED11DD333D1000098A5 /* AppDelegate.swift in Sources */,
				4E0FCEE71DD3362B000098A5 /* UserNotificationsHandler.swift in Sources */,
				4E0FCEE51DD33425000098A5 /* MainViewController.swift in Sources */,
			);
			runOnlyForDeploymentPostprocessing = 0;
		};
/* End PBXSourcesBuildPhase section */

/* Begin PBXVariantGroup section */
		4E0FCED41DD333D1000098A5 /* Main.storyboard */ = {
			isa = PBXVariantGroup;
			children = (
				4E0FCED51DD333D1000098A5 /* Base */,
			);
			name = Main.storyboard;
			sourceTree = "<group>";
		};
		4E0FCED91DD333D1000098A5 /* LaunchScreen.storyboard */ = {
			isa = PBXVariantGroup;
			children = (
				4E0FCEDA1DD333D1000098A5 /* Base */,
			);
			name = LaunchScreen.storyboard;
			sourceTree = "<group>";
		};
/* End PBXVariantGroup section */

/* Begin XCBuildConfiguration section */
		4E0FCEDD1DD333D1000098A5 /* Debug */ = {
			isa = XCBuildConfiguration;
			buildSettings = {
				ALWAYS_SEARCH_USER_PATHS = NO;
				CLANG_ANALYZER_NONNULL = YES;
				CLANG_CXX_LANGUAGE_STANDARD = "gnu++0x";
				CLANG_CXX_LIBRARY = "libc++";
				CLANG_ENABLE_MODULES = YES;
				CLANG_ENABLE_OBJC_ARC = YES;
				CLANG_WARN_BOOL_CONVERSION = YES;
				CLANG_WARN_CONSTANT_CONVERSION = YES;
				CLANG_WARN_DIRECT_OBJC_ISA_USAGE = YES_ERROR;
				CLANG_WARN_DOCUMENTATION_COMMENTS = YES;
				CLANG_WARN_EMPTY_BODY = YES;
				CLANG_WARN_ENUM_CONVERSION = YES;
				CLANG_WARN_INFINITE_RECURSION = YES;
				CLANG_WARN_INT_CONVERSION = YES;
				CLANG_WARN_OBJC_ROOT_CLASS = YES_ERROR;
				CLANG_WARN_SUSPICIOUS_MOVES = YES;
				CLANG_WARN_UNREACHABLE_CODE = YES;
				CLANG_WARN__DUPLICATE_METHOD_MATCH = YES;
				"CODE_SIGN_IDENTITY[sdk=iphoneos*]" = "iPhone Developer";
				COPY_PHASE_STRIP = NO;
				DEBUG_INFORMATION_FORMAT = dwarf;
				ENABLE_STRICT_OBJC_MSGSEND = YES;
				ENABLE_TESTABILITY = YES;
				GCC_C_LANGUAGE_STANDARD = gnu99;
				GCC_DYNAMIC_NO_PIC = NO;
				GCC_NO_COMMON_BLOCKS = YES;
				GCC_OPTIMIZATION_LEVEL = 0;
				GCC_PREPROCESSOR_DEFINITIONS = (
					"DEBUG=1",
					"$(inherited)",
				);
				GCC_WARN_64_TO_32_BIT_CONVERSION = YES;
				GCC_WARN_ABOUT_RETURN_TYPE = YES_ERROR;
				GCC_WARN_UNDECLARED_SELECTOR = YES;
				GCC_WARN_UNINITIALIZED_AUTOS = YES_AGGRESSIVE;
				GCC_WARN_UNUSED_FUNCTION = YES;
				GCC_WARN_UNUSED_VARIABLE = YES;
				IPHONEOS_DEPLOYMENT_TARGET = 10.1;
				MTL_ENABLE_DEBUG_INFO = YES;
				ONLY_ACTIVE_ARCH = YES;
				SDKROOT = iphoneos;
				SWIFT_ACTIVE_COMPILATION_CONDITIONS = DEBUG;
				SWIFT_OPTIMIZATION_LEVEL = "-Onone";
				TARGETED_DEVICE_FAMILY = "1,2";
			};
			name = Debug;
		};
		4E0FCEDE1DD333D1000098A5 /* Release */ = {
			isa = XCBuildConfiguration;
			buildSettings = {
				ALWAYS_SEARCH_USER_PATHS = NO;
				CLANG_ANALYZER_NONNULL = YES;
				CLANG_CXX_LANGUAGE_STANDARD = "gnu++0x";
				CLANG_CXX_LIBRARY = "libc++";
				CLANG_ENABLE_MODULES = YES;
				CLANG_ENABLE_OBJC_ARC = YES;
				CLANG_WARN_BOOL_CONVERSION = YES;
				CLANG_WARN_CONSTANT_CONVERSION = YES;
				CLANG_WARN_DIRECT_OBJC_ISA_USAGE = YES_ERROR;
				CLANG_WARN_DOCUMENTATION_COMMENTS = YES;
				CLANG_WARN_EMPTY_BODY = YES;
				CLANG_WARN_ENUM_CONVERSION = YES;
				CLANG_WARN_INFINITE_RECURSION = YES;
				CLANG_WARN_INT_CONVERSION = YES;
				CLANG_WARN_OBJC_ROOT_CLASS = YES_ERROR;
				CLANG_WARN_SUSPICIOUS_MOVES = YES;
				CLANG_WARN_UNREACHABLE_CODE = YES;
				CLANG_WARN__DUPLICATE_METHOD_MATCH = YES;
				"CODE_SIGN_IDENTITY[sdk=iphoneos*]" = "iPhone Developer";
				COPY_PHASE_STRIP = NO;
				DEBUG_INFORMATION_FORMAT = "dwarf-with-dsym";
				ENABLE_NS_ASSERTIONS = NO;
				ENABLE_STRICT_OBJC_MSGSEND = YES;
				GCC_C_LANGUAGE_STANDARD = gnu99;
				GCC_NO_COMMON_BLOCKS = YES;
				GCC_WARN_64_TO_32_BIT_CONVERSION = YES;
				GCC_WARN_ABOUT_RETURN_TYPE = YES_ERROR;
				GCC_WARN_UNDECLARED_SELECTOR = YES;
				GCC_WARN_UNINITIALIZED_AUTOS = YES_AGGRESSIVE;
				GCC_WARN_UNUSED_FUNCTION = YES;
				GCC_WARN_UNUSED_VARIABLE = YES;
				IPHONEOS_DEPLOYMENT_TARGET = 10.1;
				MTL_ENABLE_DEBUG_INFO = NO;
				SDKROOT = iphoneos;
				SWIFT_OPTIMIZATION_LEVEL = "-Owholemodule";
				TARGETED_DEVICE_FAMILY = "1,2";
				VALIDATE_PRODUCT = YES;
			};
			name = Release;
		};
		4E0FCEE01DD333D1000098A5 /* Debug */ = {
			isa = XCBuildConfiguration;
			buildSettings = {
				ASSETCATALOG_COMPILER_APPICON_NAME = AppIcon;
				INFOPLIST_FILE = UserNotificationsSwiftSample/Info.plist;
				LD_RUNPATH_SEARCH_PATHS = "$(inherited) @executable_path/Frameworks";
				PRODUCT_BUNDLE_IDENTIFIER = mm.UserNotificationsSwiftSample;
				PRODUCT_NAME = "$(TARGET_NAME)";
				SWIFT_VERSION = 3.0;
			};
			name = Debug;
		};
		4E0FCEE11DD333D1000098A5 /* Release */ = {
			isa = XCBuildConfiguration;
			buildSettings = {
				ASSETCATALOG_COMPILER_APPICON_NAME = AppIcon;
				INFOPLIST_FILE = UserNotificationsSwiftSample/Info.plist;
				LD_RUNPATH_SEARCH_PATHS = "$(inherited) @executable_path/Frameworks";
				PRODUCT_BUNDLE_IDENTIFIER = mm.UserNotificationsSwiftSample;
				PRODUCT_NAME = "$(TARGET_NAME)";
				SWIFT_VERSION = 3.0;
			};
			name = Release;
		};
/* End XCBuildConfiguration section */

/* Begin XCConfigurationList section */
		4E0FCEC81DD333D1000098A5 /* Build configuration list for PBXProject "UserNotificationsSwiftSample" */ = {
			isa = XCConfigurationList;
			buildConfigurations = (
				4E0FCEDD1DD333D1000098A5 /* Debug */,
				4E0FCEDE1DD333D1000098A5 /* Release */,
			);
			defaultConfigurationIsVisible = 0;
			defaultConfigurationName = Release;
		};
		4E0FCEDF1DD333D1000098A5 /* Build configuration list for PBXNativeTarget "UserNotificationsSwiftSample" */ = {
			isa = XCConfigurationList;
			buildConfigurations = (
				4E0FCEE01DD333D1000098A5 /* Debug */,
				4E0FCEE11DD333D1000098A5 /* Release */,
			);
			defaultConfigurationIsVisible = 0;
		};
/* End XCConfigurationList section */
	};
	rootObject = 4E0FCEC51DD333D1000098A5 /* Project object */;
}
