// !$*UTF8*$!
{
	archiveVersion = 1;
	classes = {
	};
	objectVersion = 46;
	objects = {

/* Begin PBXBuildFile section */
		4E1AB7521DC6ABEF00E84E1F /* AppDelegate.swift in Sources */ = {isa = PBXBuildFile; fileRef = 4E1AB7511DC6ABEF00E84E1F /* AppDelegate.swift */; };
		4E1AB7571DC6ABEF00E84E1F /* Main.storyboard in Resources */ = {isa = PBXBuildFile; fileRef = 4E1AB7551DC6ABEF00E84E1F /* Main.storyboard */; };
		4E1AB7591DC6ABEF00E84E1F /* Assets.xcassets in Resources */ = {isa = PBXBuildFile; fileRef = 4E1AB7581DC6ABEF00E84E1F /* Assets.xcassets */; };
		4E1AB75C1DC6ABEF00E84E1F /* LaunchScreen.storyboard in Resources */ = {isa = PBXBuildFile; fileRef = 4E1AB75A1DC6ABEF00E84E1F /* LaunchScreen.storyboard */; };
		4E1AB7651DC6AC0D00E84E1F /* MainViewController.swift in Sources */ = {isa = PBXBuildFile; fileRef = 4E1AB7641DC6AC0D00E84E1F /* MainViewController.swift */; };
/* End PBXBuildFile section */

/* Begin PBXFileReference section */
		4E1AB74E1DC6ABEF00E84E1F /* SpeechRecognitionSwiftSample.app */ = {isa = PBXFileReference; explicitFileType = wrapper.application; includeInIndex = 0; path = SpeechRecognitionSwiftSample.app; sourceTree = BUILT_PRODUCTS_DIR; };
		4E1AB7511DC6ABEF00E84E1F /* AppDelegate.swift */ = {isa = PBXFileReference; lastKnownFileType = sourcecode.swift; path = AppDelegate.swift; sourceTree = "<group>"; };
		4E1AB7561DC6ABEF00E84E1F /* Base */ = {isa = PBXFileReference; lastKnownFileType = file.storyboard; name = Base; path = Base.lproj/Main.storyboard; sourceTree = "<group>"; };
		4E1AB7581DC6ABEF00E84E1F /* Assets.xcassets */ = {isa = PBXFileReference; lastKnownFileType = folder.assetcatalog; path = Assets.xcassets; sourceTree = "<group>"; };
		4E1AB75B1DC6ABEF00E84E1F /* Base */ = {isa = PBXFileReference; lastKnownFileType = file.storyboard; name = Base; path = Base.lproj/LaunchScreen.storyboard; sourceTree = "<group>"; };
		4E1AB75D1DC6ABEF00E84E1F /* Info.plist */ = {isa = PBXFileReference; lastKnownFileType = text.plist.xml; path = Info.plist; sourceTree = "<group>"; };
		4E1AB7641DC6AC0D00E84E1F /* MainViewController.swift */ = {isa = PBXFileReference; fileEncoding = 4; lastKnownFileType = sourcecode.swift; path = MainViewController.swift; sourceTree = "<group>"; };
/* End PBXFileReference section */

/* Begin PBXFrameworksBuildPhase section */
		4E1AB74B1DC6ABEF00E84E1F /* Frameworks */ = {
			isa = PBXFrameworksBuildPhase;
			buildActionMask = 2147483647;
			files = (
			);
			runOnlyForDeploymentPostprocessing = 0;
		};
/* End PBXFrameworksBuildPhase section */

/* Begin PBXGroup section */
		4E1AB7451DC6ABEF00E84E1F = {
			isa = PBXGroup;
			children = (
				4E1AB7501DC6ABEF00E84E1F /* SpeechRecognitionSwiftSample */,
				4E1AB74F1DC6ABEF00E84E1F /* Products */,
			);
			sourceTree = "<group>";
		};
		4E1AB74F1DC6ABEF00E84E1F /* Products */ = {
			isa = PBXGroup;
			children = (
				4E1AB74E1DC6ABEF00E84E1F /* SpeechRecognitionSwiftSample.app */,
			);
			name = Products;
			sourceTree = "<group>";
		};
		4E1AB7501DC6ABEF00E84E1F /* SpeechRecognitionSwiftSample */ = {
			isa = PBXGroup;
			children = (
				4E1AB7511DC6ABEF00E84E1F /* AppDelegate.swift */,
				4E1AB7631DC6ABFF00E84E1F /* View Controllers */,
				4E1AB7551DC6ABEF00E84E1F /* Main.storyboard */,
				4E1AB7581DC6ABEF00E84E1F /* Assets.xcassets */,
				4E1AB75A1DC6ABEF00E84E1F /* LaunchScreen.storyboard */,
				4E1AB75D1DC6ABEF00E84E1F /* Info.plist */,
			);
			path = SpeechRecognitionSwiftSample;
			sourceTree = "<group>";
		};
		4E1AB7631DC6ABFF00E84E1F /* View Controllers */ = {
			isa = PBXGroup;
			children = (
				4E1AB7641DC6AC0D00E84E1F /* MainViewController.swift */,
			);
			name = "View Controllers";
			sourceTree = "<group>";
		};
/* End PBXGroup section */

/* Begin PBXNativeTarget section */
		4E1AB74D1DC6ABEF00E84E1F /* SpeechRecognitionSwiftSample */ = {
			isa = PBXNativeTarget;
			buildConfigurationList = 4E1AB7601DC6ABEF00E84E1F /* Build configuration list for PBXNativeTarget "SpeechRecognitionSwiftSample" */;
			buildPhases = (
				4E1AB74A1DC6ABEF00E84E1F /* Sources */,
				4E1AB74B1DC6ABEF00E84E1F /* Frameworks */,
				4E1AB74C1DC6ABEF00E84E1F /* Resources */,
			);
			buildRules = (
			);
			dependencies = (
			);
			name = SpeechRecognitionSwiftSample;
			productName = SpeechRecognitionSwiftSample;
			productReference = 4E1AB74E1DC6ABEF00E84E1F /* SpeechRecognitionSwiftSample.app */;
			productType = "com.apple.product-type.application";
		};
/* End PBXNativeTarget section */

/* Begin PBXProject section */
		4E1AB7461DC6ABEF00E84E1F /* Project object */ = {
			isa = PBXProject;
			attributes = {
				LastSwiftUpdateCheck = 0810;
				LastUpgradeCheck = 0810;
				ORGANIZATIONNAME = nikolay.andonov;
				TargetAttributes = {
					4E1AB74D1DC6ABEF00E84E1F = {
						CreatedOnToolsVersion = 8.1;
						DevelopmentTeam = PJFWMGAM94;
						ProvisioningStyle = Automatic;
					};
				};
			};
			buildConfigurationList = 4E1AB7491DC6ABEF00E84E1F /* Build configuration list for PBXProject "SpeechRecognitionSwiftSample" */;
			compatibilityVersion = "Xcode 3.2";
			developmentRegion = English;
			hasScannedForEncodings = 0;
			knownRegions = (
				en,
				Base,
			);
			mainGroup = 4E1AB7451DC6ABEF00E84E1F;
			productRefGroup = 4E1AB74F1DC6ABEF00E84E1F /* Products */;
			projectDirPath = "";
			projectRoot = "";
			targets = (
				4E1AB74D1DC6ABEF00E84E1F /* SpeechRecognitionSwiftSample */,
			);
		};
/* End PBXProject section */

/* Begin PBXResourcesBuildPhase section */
		4E1AB74C1DC6ABEF00E84E1F /* Resources */ = {
			isa = PBXResourcesBuildPhase;
			buildActionMask = 2147483647;
			files = (
				4E1AB75C1DC6ABEF00E84E1F /* LaunchScreen.storyboard in Resources */,
				4E1AB7591DC6ABEF00E84E1F /* Assets.xcassets in Resources */,
				4E1AB7571DC6ABEF00E84E1F /* Main.storyboard in Resources */,
			);
			runOnlyForDeploymentPostprocessing = 0;
		};
/* End PBXResourcesBuildPhase section */

/* Begin PBXSourcesBuildPhase section */
		4E1AB74A1DC6ABEF00E84E1F /* Sources */ = {
			isa = PBXSourcesBuildPhase;
			buildActionMask = 2147483647;
			files = (
				4E1AB7521DC6ABEF00E84E1F /* AppDelegate.swift in Sources */,
				4E1AB7651DC6AC0D00E84E1F /* MainViewController.swift in Sources */,
			);
			runOnlyForDeploymentPostprocessing = 0;
		};
/* End PBXSourcesBuildPhase section */

/* Begin PBXVariantGroup section */
		4E1AB7551DC6ABEF00E84E1F /* Main.storyboard */ = {
			isa = PBXVariantGroup;
			children = (
				4E1AB7561DC6ABEF00E84E1F /* Base */,
			);
			name = Main.storyboard;
			sourceTree = "<group>";
		};
		4E1AB75A1DC6ABEF00E84E1F /* LaunchScreen.storyboard */ = {
			isa = PBXVariantGroup;
			children = (
				4E1AB75B1DC6ABEF00E84E1F /* Base */,
			);
			name = LaunchScreen.storyboard;
			sourceTree = "<group>";
		};
/* End PBXVariantGroup section */

/* Begin XCBuildConfiguration section */
		4E1AB75E1DC6ABEF00E84E1F /* Debug */ = {
			isa = XCBuildConfiguration;
			buildSettings = {
				ALWAYS_SEARCH_USER_PATHS = NO;
				CLANG_ANALYZER_NONNULL = YES;
				CLANG_CXX_LANGUAGE_STANDARD = "gnu++0x";
				CLANG_CXX_LIBRARY = "libc++";
				CLANG_ENABLE_MODULES = YES;
				CLANG_ENABLE_OBJC_ARC = YES;
				CLANG_WARN_BOOL_CONVERSION = YES;
				CLANG_WARN_CONSTANT_CONVERSION = YES;
				CLANG_WARN_DIRECT_OBJC_ISA_USAGE = YES_ERROR;
				CLANG_WARN_DOCUMENTATION_COMMENTS = YES;
				CLANG_WARN_EMPTY_BODY = YES;
				CLANG_WARN_ENUM_CONVERSION = YES;
				CLANG_WARN_INFINITE_RECURSION = YES;
				CLANG_WARN_INT_CONVERSION = YES;
				CLANG_WARN_OBJC_ROOT_CLASS = YES_ERROR;
				CLANG_WARN_SUSPICIOUS_MOVES = YES;
				CLANG_WARN_UNREACHABLE_CODE = YES;
				CLANG_WARN__DUPLICATE_METHOD_MATCH = YES;
				"CODE_SIGN_IDENTITY[sdk=iphoneos*]" = "iPhone Developer";
				COPY_PHASE_STRIP = NO;
				DEBUG_INFORMATION_FORMAT = dwarf;
				ENABLE_STRICT_OBJC_MSGSEND = YES;
				ENABLE_TESTABILITY = YES;
				GCC_C_LANGUAGE_STANDARD = gnu99;
				GCC_DYNAMIC_NO_PIC = NO;
				GCC_NO_COMMON_BLOCKS = YES;
				GCC_OPTIMIZATION_LEVEL = 0;
				GCC_PREPROCESSOR_DEFINITIONS = (
					"DEBUG=1",
					"$(inherited)",
				);
				GCC_WARN_64_TO_32_BIT_CONVERSION = YES;
				GCC_WARN_ABOUT_RETURN_TYPE = YES_ERROR;
				GCC_WARN_UNDECLARED_SELECTOR = YES;
				GCC_WARN_UNINITIALIZED_AUTOS = YES_AGGRESSIVE;
				GCC_WARN_UNUSED_FUNCTION = YES;
				GCC_WARN_UNUSED_VARIABLE = YES;
				IPHONEOS_DEPLOYMENT_TARGET = 10.1;
				MTL_ENABLE_DEBUG_INFO = YES;
				ONLY_ACTIVE_ARCH = YES;
				SDKROOT = iphoneos;
				SWIFT_ACTIVE_COMPILATION_CONDITIONS = DEBUG;
				SWIFT_OPTIMIZATION_LEVEL = "-Onone";
				TARGETED_DEVICE_FAMILY = "1,2";
			};
			name = Debug;
		};
		4E1AB75F1DC6ABEF00E84E1F /* Release */ = {
			isa = XCBuildConfiguration;
			buildSettings = {
				ALWAYS_SEARCH_USER_PATHS = NO;
				CLANG_ANALYZER_NONNULL = YES;
				CLANG_CXX_LANGUAGE_STANDARD = "gnu++0x";
				CLANG_CXX_LIBRARY = "libc++";
				CLANG_ENABLE_MODULES = YES;
				CLANG_ENABLE_OBJC_ARC = YES;
				CLANG_WARN_BOOL_CONVERSION = YES;
				CLANG_WARN_CONSTANT_CONVERSION = YES;
				CLANG_WARN_DIRECT_OBJC_ISA_USAGE = YES_ERROR;
				CLANG_WARN_DOCUMENTATION_COMMENTS = YES;
				CLANG_WARN_EMPTY_BODY = YES;
				CLANG_WARN_ENUM_CONVERSION = YES;
				CLANG_WARN_INFINITE_RECURSION = YES;
				CLANG_WARN_INT_CONVERSION = YES;
				CLANG_WARN_OBJC_ROOT_CLASS = YES_ERROR;
				CLANG_WARN_SUSPICIOUS_MOVES = YES;
				CLANG_WARN_UNREACHABLE_CODE = YES;
				CLANG_WARN__DUPLICATE_METHOD_MATCH = YES;
				"CODE_SIGN_IDENTITY[sdk=iphoneos*]" = "iPhone Developer";
				COPY_PHASE_STRIP = NO;
				DEBUG_INFORMATION_FORMAT = "dwarf-with-dsym";
				ENABLE_NS_ASSERTIONS = NO;
				ENABLE_STRICT_OBJC_MSGSEND = YES;
				GCC_C_LANGUAGE_STANDARD = gnu99;
				GCC_NO_COMMON_BLOCKS = YES;
				GCC_WARN_64_TO_32_BIT_CONVERSION = YES;
				GCC_WARN_ABOUT_RETURN_TYPE = YES_ERROR;
				GCC_WARN_UNDECLARED_SELECTOR = YES;
				GCC_WARN_UNINITIALIZED_AUTOS = YES_AGGRESSIVE;
				GCC_WARN_UNUSED_FUNCTION = YES;
				GCC_WARN_UNUSED_VARIABLE = YES;
				IPHONEOS_DEPLOYMENT_TARGET = 10.1;
				MTL_ENABLE_DEBUG_INFO = NO;
				SDKROOT = iphoneos;
				SWIFT_OPTIMIZATION_LEVEL = "-Owholemodule";
				TARGETED_DEVICE_FAMILY = "1,2";
				VALIDATE_PRODUCT = YES;
			};
			name = Release;
		};
		4E1AB7611DC6ABEF00E84E1F /* Debug */ = {
			isa = XCBuildConfiguration;
			buildSettings = {
				ASSETCATALOG_COMPILER_APPICON_NAME = AppIcon;
				DEVELOPMENT_TEAM = PJFWMGAM94;
				INFOPLIST_FILE = SpeechRecognitionSwiftSample/Info.plist;
				LD_RUNPATH_SEARCH_PATHS = "$(inherited) @executable_path/Frameworks";
				PRODUCT_BUNDLE_IDENTIFIER = mm.SpeechRecognitionSwiftSample;
				PRODUCT_NAME = "$(TARGET_NAME)";
				SWIFT_VERSION = 3.0;
			};
			name = Debug;
		};
		4E1AB7621DC6ABEF00E84E1F /* Release */ = {
			isa = XCBuildConfiguration;
			buildSettings = {
				ASSETCATALOG_COMPILER_APPICON_NAME = AppIcon;
				DEVELOPMENT_TEAM = PJFWMGAM94;
				INFOPLIST_FILE = SpeechRecognitionSwiftSample/Info.plist;
				LD_RUNPATH_SEARCH_PATHS = "$(inherited) @executable_path/Frameworks";
				PRODUCT_BUNDLE_IDENTIFIER = mm.SpeechRecognitionSwiftSample;
				PRODUCT_NAME = "$(TARGET_NAME)";
				SWIFT_VERSION = 3.0;
			};
			name = Release;
		};
/* End XCBuildConfiguration section */

/* Begin XCConfigurationList section */
		4E1AB7491DC6ABEF00E84E1F /* Build configuration list for PBXProject "SpeechRecognitionSwiftSample" */ = {
			isa = XCConfigurationList;
			buildConfigurations = (
				4E1AB75E1DC6ABEF00E84E1F /* Debug */,
				4E1AB75F1DC6ABEF00E84E1F /* Release */,
			);
			defaultConfigurationIsVisible = 0;
			defaultConfigurationName = Release;
		};
		4E1AB7601DC6ABEF00E84E1F /* Build configuration list for PBXNativeTarget "SpeechRecognitionSwiftSample" */ = {
			isa = XCConfigurationList;
			buildConfigurations = (
				4E1AB7611DC6ABEF00E84E1F /* Debug */,
				4E1AB7621DC6ABEF00E84E1F /* Release */,
			);
			defaultConfigurationIsVisible = 0;
		};
/* End XCConfigurationList section */
	};
	rootObject = 4E1AB7461DC6ABEF00E84E1F /* Project object */;
}
